// !$*UTF8*$!
{
	archiveVersion = 1;
	classes = {
	};
	objectVersion = 55;
	objects = {

/* Begin PBXBuildFile section */
		AE0A74ED27A4FBE400CF2B3B /* UINavigationBar.swift in Sources */ = {isa = PBXBuildFile; fileRef = AE0A74E627A4FBE400CF2B3B /* UINavigationBar.swift */; };
		AE0A74EE27A4FBE400CF2B3B /* UIViewController.swift in Sources */ = {isa = PBXBuildFile; fileRef = AE0A74E727A4FBE400CF2B3B /* UIViewController.swift */; };
		AE0A74EF27A4FBE400CF2B3B /* UIFont.swift in Sources */ = {isa = PBXBuildFile; fileRef = AE0A74E827A4FBE400CF2B3B /* UIFont.swift */; };
		AE0A74F027A4FBE400CF2B3B /* UIButton.swift in Sources */ = {isa = PBXBuildFile; fileRef = AE0A74E927A4FBE400CF2B3B /* UIButton.swift */; };
		AE0A74F127A4FBE400CF2B3B /* Date.swift in Sources */ = {isa = PBXBuildFile; fileRef = AE0A74EA27A4FBE400CF2B3B /* Date.swift */; };
		AE0A74F227A4FBE400CF2B3B /* String.swift in Sources */ = {isa = PBXBuildFile; fileRef = AE0A74EB27A4FBE400CF2B3B /* String.swift */; };
		AE0A74F327A4FBE400CF2B3B /* Color.swift in Sources */ = {isa = PBXBuildFile; fileRef = AE0A74EC27A4FBE400CF2B3B /* Color.swift */; };
		AE0A74F727A4FBFC00CF2B3B /* Device.swift in Sources */ = {isa = PBXBuildFile; fileRef = AE0A74F527A4FBFC00CF2B3B /* Device.swift */; };
		AE0A74F827A4FBFC00CF2B3B /* IndicatorView.swift in Sources */ = {isa = PBXBuildFile; fileRef = AE0A74F627A4FBFC00CF2B3B /* IndicatorView.swift */; };
		AE0A74FB27A4FC0E00CF2B3B /* BaseViewController.swift in Sources */ = {isa = PBXBuildFile; fileRef = AE0A74FA27A4FC0E00CF2B3B /* BaseViewController.swift */; };
		AE0A750027A4FD0900CF2B3B /* abc.swift in Sources */ = {isa = PBXBuildFile; fileRef = AE0A74FF27A4FD0900CF2B3B /* abc.swift */; };
		AEA2758727A4F9610042B490 /* AppDelegate.swift in Sources */ = {isa = PBXBuildFile; fileRef = AEA2758627A4F9610042B490 /* AppDelegate.swift */; };
		AEA2758927A4F9610042B490 /* SceneDelegate.swift in Sources */ = {isa = PBXBuildFile; fileRef = AEA2758827A4F9610042B490 /* SceneDelegate.swift */; };
		AEA2758B27A4F9610042B490 /* ViewController.swift in Sources */ = {isa = PBXBuildFile; fileRef = AEA2758A27A4F9610042B490 /* ViewController.swift */; };
		AEA2758E27A4F9610042B490 /* Main.storyboard in Resources */ = {isa = PBXBuildFile; fileRef = AEA2758C27A4F9610042B490 /* Main.storyboard */; };
		AEA2759027A4F9630042B490 /* Assets.xcassets in Resources */ = {isa = PBXBuildFile; fileRef = AEA2758F27A4F9630042B490 /* Assets.xcassets */; };
		AEA2759327A4F9630042B490 /* LaunchScreen.storyboard in Resources */ = {isa = PBXBuildFile; fileRef = AEA2759127A4F9630042B490 /* LaunchScreen.storyboard */; };
		AEA2759C27A4FA430042B490 /* Constant.swift in Sources */ = {isa = PBXBuildFile; fileRef = AEA2759B27A4FA430042B490 /* Constant.swift */; };
/* End PBXBuildFile section */

/* Begin PBXFileReference section */
		AE0A74E627A4FBE400CF2B3B /* UINavigationBar.swift */ = {isa = PBXFileReference; fileEncoding = 4; lastKnownFileType = sourcecode.swift; name = UINavigationBar.swift; path = ../../../../../../Downloads/template/EduTemplate/Configuration/Extension/UINavigationBar.swift; sourceTree = "<group>"; };
		AE0A74E727A4FBE400CF2B3B /* UIViewController.swift */ = {isa = PBXFileReference; fileEncoding = 4; lastKnownFileType = sourcecode.swift; name = UIViewController.swift; path = ../../../../../../Downloads/template/EduTemplate/Configuration/Extension/UIViewController.swift; sourceTree = "<group>"; };
		AE0A74E827A4FBE400CF2B3B /* UIFont.swift */ = {isa = PBXFileReference; fileEncoding = 4; lastKnownFileType = sourcecode.swift; name = UIFont.swift; path = ../../../../../../Downloads/template/EduTemplate/Configuration/Extension/UIFont.swift; sourceTree = "<group>"; };
		AE0A74E927A4FBE400CF2B3B /* UIButton.swift */ = {isa = PBXFileReference; fileEncoding = 4; lastKnownFileType = sourcecode.swift; name = UIButton.swift; path = ../../../../../../Downloads/template/EduTemplate/Configuration/Extension/UIButton.swift; sourceTree = "<group>"; };
		AE0A74EA27A4FBE400CF2B3B /* Date.swift */ = {isa = PBXFileReference; fileEncoding = 4; lastKnownFileType = sourcecode.swift; name = Date.swift; path = ../../../../../../Downloads/template/EduTemplate/Configuration/Extension/Date.swift; sourceTree = "<group>"; };
		AE0A74EB27A4FBE400CF2B3B /* String.swift */ = {isa = PBXFileReference; fileEncoding = 4; lastKnownFileType = sourcecode.swift; name = String.swift; path = ../../../../../../Downloads/template/EduTemplate/Configuration/Extension/String.swift; sourceTree = "<group>"; };
		AE0A74EC27A4FBE400CF2B3B /* Color.swift */ = {isa = PBXFileReference; fileEncoding = 4; lastKnownFileType = sourcecode.swift; name = Color.swift; path = ../../../../../../Downloads/template/EduTemplate/Configuration/Extension/Color.swift; sourceTree = "<group>"; };
		AE0A74F527A4FBFC00CF2B3B /* Device.swift */ = {isa = PBXFileReference; fileEncoding = 4; lastKnownFileType = sourcecode.swift; name = Device.swift; path = ../../../../../../Downloads/template/EduTemplate/Configuration/CommonClass/Device.swift; sourceTree = "<group>"; };
		AE0A74F627A4FBFC00CF2B3B /* IndicatorView.swift */ = {isa = PBXFileReference; fileEncoding = 4; lastKnownFileType = sourcecode.swift; name = IndicatorView.swift; path = ../../../../../../Downloads/template/EduTemplate/Configuration/CommonClass/IndicatorView.swift; sourceTree = "<group>"; };
		AE0A74FA27A4FC0E00CF2B3B /* BaseViewController.swift */ = {isa = PBXFileReference; fileEncoding = 4; lastKnownFileType = sourcecode.swift; name = BaseViewController.swift; path = ../../../../../../Downloads/template/EduTemplate/Configuration/Base/BaseViewController.swift; sourceTree = "<group>"; };
		AE0A74FF27A4FD0900CF2B3B /* abc.swift */ = {isa = PBXFileReference; lastKnownFileType = sourcecode.swift; path = abc.swift; sourceTree = "<group>"; };
		AEA2758327A4F9610042B490 /* Zoop-IOS.app */ = {isa = PBXFileReference; explicitFileType = wrapper.application; includeInIndex = 0; path = "Zoop-IOS.app"; sourceTree = BUILT_PRODUCTS_DIR; };
		AEA2758627A4F9610042B490 /* AppDelegate.swift */ = {isa = PBXFileReference; lastKnownFileType = sourcecode.swift; path = AppDelegate.swift; sourceTree = "<group>"; };
		AEA2758827A4F9610042B490 /* SceneDelegate.swift */ = {isa = PBXFileReference; lastKnownFileType = sourcecode.swift; path = SceneDelegate.swift; sourceTree = "<group>"; };
		AEA2758A27A4F9610042B490 /* ViewController.swift */ = {isa = PBXFileReference; lastKnownFileType = sourcecode.swift; path = ViewController.swift; sourceTree = "<group>"; };
		AEA2758D27A4F9610042B490 /* Base */ = {isa = PBXFileReference; lastKnownFileType = file.storyboard; name = Base; path = Base.lproj/Main.storyboard; sourceTree = "<group>"; };
		AEA2758F27A4F9630042B490 /* Assets.xcassets */ = {isa = PBXFileReference; lastKnownFileType = folder.assetcatalog; path = Assets.xcassets; sourceTree = "<group>"; };
		AEA2759227A4F9630042B490 /* Base */ = {isa = PBXFileReference; lastKnownFileType = file.storyboard; name = Base; path = Base.lproj/LaunchScreen.storyboard; sourceTree = "<group>"; };
		AEA2759427A4F9630042B490 /* Info.plist */ = {isa = PBXFileReference; lastKnownFileType = text.plist.xml; path = Info.plist; sourceTree = "<group>"; };
		AEA2759B27A4FA430042B490 /* Constant.swift */ = {isa = PBXFileReference; lastKnownFileType = sourcecode.swift; path = Constant.swift; sourceTree = "<group>"; };
/* End PBXFileReference section */

/* Begin PBXFrameworksBuildPhase section */
		AEA2758027A4F9610042B490 /* Frameworks */ = {
			isa = PBXFrameworksBuildPhase;
			buildActionMask = 2147483647;
			files = (
			);
			runOnlyForDeploymentPostprocessing = 0;
		};
/* End PBXFrameworksBuildPhase section */

/* Begin PBXGroup section */
		AE0A74F427A4FBEF00CF2B3B /* CommonClass */ = {
			isa = PBXGroup;
			children = (
				AE0A74F527A4FBFC00CF2B3B /* Device.swift */,
				AE0A74F627A4FBFC00CF2B3B /* IndicatorView.swift */,
			);
			path = CommonClass;
			sourceTree = "<group>";
		};
		AE0A74F927A4FBFF00CF2B3B /* Base */ = {
			isa = PBXGroup;
			children = (
				AE0A74FA27A4FC0E00CF2B3B /* BaseViewController.swift */,
			);
			path = Base;
			sourceTree = "<group>";
		};
		AE0A74FC27A4FC1400CF2B3B /* Presentation */ = {
			isa = PBXGroup;
			children = (
			);
			path = Presentation;
			sourceTree = "<group>";
		};
		AE0A74FD27A4FC1B00CF2B3B /* Network */ = {
			isa = PBXGroup;
			children = (
			);
			path = Network;
			sourceTree = "<group>";
		};
		AE0A74FE27A4FC1E00CF2B3B /* Model */ = {
			isa = PBXGroup;
			children = (
			);
			path = Model;
			sourceTree = "<group>";
		};
		AEA2757A27A4F9610042B490 = {
			isa = PBXGroup;
			children = (
				AEA2758527A4F9610042B490 /* Zoop-IOS */,
				AEA2758427A4F9610042B490 /* Products */,
			);
			sourceTree = "<group>";
		};
		AEA2758427A4F9610042B490 /* Products */ = {
			isa = PBXGroup;
			children = (
				AEA2758327A4F9610042B490 /* Zoop-IOS.app */,
			);
			name = Products;
			sourceTree = "<group>";
		};
		AEA2758527A4F9610042B490 /* Zoop-IOS */ = {
			isa = PBXGroup;
			children = (
				AE0A74FE27A4FC1E00CF2B3B /* Model */,
				AE0A74FD27A4FC1B00CF2B3B /* Network */,
				AE0A74FC27A4FC1400CF2B3B /* Presentation */,
				AEA2759A27A4FA360042B490 /* Configuration */,
				AEA2758627A4F9610042B490 /* AppDelegate.swift */,
				AEA2758827A4F9610042B490 /* SceneDelegate.swift */,
				AEA2758A27A4F9610042B490 /* ViewController.swift */,
				AEA2758C27A4F9610042B490 /* Main.storyboard */,
				AEA2758F27A4F9630042B490 /* Assets.xcassets */,
				AEA2759127A4F9630042B490 /* LaunchScreen.storyboard */,
				AEA2759427A4F9630042B490 /* Info.plist */,
			);
			path = "Zoop-IOS";
			sourceTree = "<group>";
		};
		AEA2759A27A4FA360042B490 /* Configuration */ = {
			isa = PBXGroup;
			children = (
				AE0A74F927A4FBFF00CF2B3B /* Base */,
				AE0A74F427A4FBEF00CF2B3B /* CommonClass */,
				AEA2759F27A4FA910042B490 /* Extension */,
				AEA2759E27A4FA810042B490 /* Secret */,
				AEA2759B27A4FA430042B490 /* Constant.swift */,
			);
			path = Configuration;
			sourceTree = "<group>";
		};
		AEA2759E27A4FA810042B490 /* Secret */ = {
			isa = PBXGroup;
			children = (
				AE0A74FF27A4FD0900CF2B3B /* abc.swift */,
			);
			path = Secret;
			sourceTree = "<group>";
		};
		AEA2759F27A4FA910042B490 /* Extension */ = {
			isa = PBXGroup;
			children = (
				AE0A74EC27A4FBE400CF2B3B /* Color.swift */,
				AE0A74EA27A4FBE400CF2B3B /* Date.swift */,
				AE0A74EB27A4FBE400CF2B3B /* String.swift */,
				AE0A74E927A4FBE400CF2B3B /* UIButton.swift */,
				AE0A74E827A4FBE400CF2B3B /* UIFont.swift */,
				AE0A74E627A4FBE400CF2B3B /* UINavigationBar.swift */,
				AE0A74E727A4FBE400CF2B3B /* UIViewController.swift */,
			);
			path = Extension;
			sourceTree = "<group>";
		};
/* End PBXGroup section */

/* Begin PBXNativeTarget section */
		AEA2758227A4F9610042B490 /* Zoop-IOS */ = {
			isa = PBXNativeTarget;
			buildConfigurationList = AEA2759727A4F9630042B490 /* Build configuration list for PBXNativeTarget "Zoop-IOS" */;
			buildPhases = (
				AEA2757F27A4F9610042B490 /* Sources */,
				AEA2758027A4F9610042B490 /* Frameworks */,
				AEA2758127A4F9610042B490 /* Resources */,
			);
			buildRules = (
			);
			dependencies = (
			);
			name = "Zoop-IOS";
			productName = "Zoop-IOS";
			productReference = AEA2758327A4F9610042B490 /* Zoop-IOS.app */;
			productType = "com.apple.product-type.application";
		};
/* End PBXNativeTarget section */

/* Begin PBXProject section */
		AEA2757B27A4F9610042B490 /* Project object */ = {
			isa = PBXProject;
			attributes = {
				BuildIndependentTargetsInParallel = 1;
				LastSwiftUpdateCheck = 1300;
				LastUpgradeCheck = 1300;
				TargetAttributes = {
					AEA2758227A4F9610042B490 = {
						CreatedOnToolsVersion = 13.0;
					};
				};
			};
			buildConfigurationList = AEA2757E27A4F9610042B490 /* Build configuration list for PBXProject "Zoop-IOS" */;
			compatibilityVersion = "Xcode 13.0";
			developmentRegion = en;
			hasScannedForEncodings = 0;
			knownRegions = (
				en,
				Base,
			);
			mainGroup = AEA2757A27A4F9610042B490;
			productRefGroup = AEA2758427A4F9610042B490 /* Products */;
			projectDirPath = "";
			projectRoot = "";
			targets = (
				AEA2758227A4F9610042B490 /* Zoop-IOS */,
			);
		};
/* End PBXProject section */

/* Begin PBXResourcesBuildPhase section */
		AEA2758127A4F9610042B490 /* Resources */ = {
			isa = PBXResourcesBuildPhase;
			buildActionMask = 2147483647;
			files = (
				AEA2759327A4F9630042B490 /* LaunchScreen.storyboard in Resources */,
				AEA2759027A4F9630042B490 /* Assets.xcassets in Resources */,
				AEA2758E27A4F9610042B490 /* Main.storyboard in Resources */,
			);
			runOnlyForDeploymentPostprocessing = 0;
		};
/* End PBXResourcesBuildPhase section */

/* Begin PBXSourcesBuildPhase section */
		AEA2757F27A4F9610042B490 /* Sources */ = {
			isa = PBXSourcesBuildPhase;
			buildActionMask = 2147483647;
			files = (
				AEA2758B27A4F9610042B490 /* ViewController.swift in Sources */,
				AEA2758727A4F9610042B490 /* AppDelegate.swift in Sources */,
				AE0A74F327A4FBE400CF2B3B /* Color.swift in Sources */,
				AE0A74F827A4FBFC00CF2B3B /* IndicatorView.swift in Sources */,
				AE0A74F727A4FBFC00CF2B3B /* Device.swift in Sources */,
				AE0A74FB27A4FC0E00CF2B3B /* BaseViewController.swift in Sources */,
				AE0A74F227A4FBE400CF2B3B /* String.swift in Sources */,
				AE0A74EE27A4FBE400CF2B3B /* UIViewController.swift in Sources */,
				AE0A74F027A4FBE400CF2B3B /* UIButton.swift in Sources */,
				AE0A74EF27A4FBE400CF2B3B /* UIFont.swift in Sources */,
				AEA2758927A4F9610042B490 /* SceneDelegate.swift in Sources */,
				AE0A750027A4FD0900CF2B3B /* abc.swift in Sources */,
				AEA2759C27A4FA430042B490 /* Constant.swift in Sources */,
				AE0A74F127A4FBE400CF2B3B /* Date.swift in Sources */,
				AE0A74ED27A4FBE400CF2B3B /* UINavigationBar.swift in Sources */,
			);
			runOnlyForDeploymentPostprocessing = 0;
		};
/* End PBXSourcesBuildPhase section */

/* Begin PBXVariantGroup section */
		AEA2758C27A4F9610042B490 /* Main.storyboard */ = {
			isa = PBXVariantGroup;
			children = (
				AEA2758D27A4F9610042B490 /* Base */,
			);
			name = Main.storyboard;
			sourceTree = "<group>";
		};
		AEA2759127A4F9630042B490 /* LaunchScreen.storyboard */ = {
			isa = PBXVariantGroup;
			children = (
				AEA2759227A4F9630042B490 /* Base */,
			);
			name = LaunchScreen.storyboard;
			sourceTree = "<group>";
		};
/* End PBXVariantGroup section */

/* Begin XCBuildConfiguration section */
		AEA2759527A4F9630042B490 /* Debug */ = {
			isa = XCBuildConfiguration;
			buildSettings = {
				ALWAYS_SEARCH_USER_PATHS = NO;
				CLANG_ANALYZER_NONNULL = YES;
				CLANG_ANALYZER_NUMBER_OBJECT_CONVERSION = YES_AGGRESSIVE;
				CLANG_CXX_LANGUAGE_STANDARD = "gnu++17";
				CLANG_CXX_LIBRARY = "libc++";
				CLANG_ENABLE_MODULES = YES;
				CLANG_ENABLE_OBJC_ARC = YES;
				CLANG_ENABLE_OBJC_WEAK = YES;
				CLANG_WARN_BLOCK_CAPTURE_AUTORELEASING = YES;
				CLANG_WARN_BOOL_CONVERSION = YES;
				CLANG_WARN_COMMA = YES;
				CLANG_WARN_CONSTANT_CONVERSION = YES;
				CLANG_WARN_DEPRECATED_OBJC_IMPLEMENTATIONS = YES;
				CLANG_WARN_DIRECT_OBJC_ISA_USAGE = YES_ERROR;
				CLANG_WARN_DOCUMENTATION_COMMENTS = YES;
				CLANG_WARN_EMPTY_BODY = YES;
				CLANG_WARN_ENUM_CONVERSION = YES;
				CLANG_WARN_INFINITE_RECURSION = YES;
				CLANG_WARN_INT_CONVERSION = YES;
				CLANG_WARN_NON_LITERAL_NULL_CONVERSION = YES;
				CLANG_WARN_OBJC_IMPLICIT_RETAIN_SELF = YES;
				CLANG_WARN_OBJC_LITERAL_CONVERSION = YES;
				CLANG_WARN_OBJC_ROOT_CLASS = YES_ERROR;
				CLANG_WARN_QUOTED_INCLUDE_IN_FRAMEWORK_HEADER = YES;
				CLANG_WARN_RANGE_LOOP_ANALYSIS = YES;
				CLANG_WARN_STRICT_PROTOTYPES = YES;
				CLANG_WARN_SUSPICIOUS_MOVE = YES;
				CLANG_WARN_UNGUARDED_AVAILABILITY = YES_AGGRESSIVE;
				CLANG_WARN_UNREACHABLE_CODE = YES;
				CLANG_WARN__DUPLICATE_METHOD_MATCH = YES;
				COPY_PHASE_STRIP = NO;
				DEBUG_INFORMATION_FORMAT = dwarf;
				ENABLE_STRICT_OBJC_MSGSEND = YES;
				ENABLE_TESTABILITY = YES;
				GCC_C_LANGUAGE_STANDARD = gnu11;
				GCC_DYNAMIC_NO_PIC = NO;
				GCC_NO_COMMON_BLOCKS = YES;
				GCC_OPTIMIZATION_LEVEL = 0;
				GCC_PREPROCESSOR_DEFINITIONS = (
					"DEBUG=1",
					"$(inherited)",
				);
				GCC_WARN_64_TO_32_BIT_CONVERSION = YES;
				GCC_WARN_ABOUT_RETURN_TYPE = YES_ERROR;
				GCC_WARN_UNDECLARED_SELECTOR = YES;
				GCC_WARN_UNINITIALIZED_AUTOS = YES_AGGRESSIVE;
				GCC_WARN_UNUSED_FUNCTION = YES;
				GCC_WARN_UNUSED_VARIABLE = YES;
				IPHONEOS_DEPLOYMENT_TARGET = 15.0;
				MTL_ENABLE_DEBUG_INFO = INCLUDE_SOURCE;
				MTL_FAST_MATH = YES;
				ONLY_ACTIVE_ARCH = YES;
				SDKROOT = iphoneos;
				SWIFT_ACTIVE_COMPILATION_CONDITIONS = DEBUG;
				SWIFT_OPTIMIZATION_LEVEL = "-Onone";
			};
			name = Debug;
		};
		AEA2759627A4F9630042B490 /* Release */ = {
			isa = XCBuildConfiguration;
			buildSettings = {
				ALWAYS_SEARCH_USER_PATHS = NO;
				CLANG_ANALYZER_NONNULL = YES;
				CLANG_ANALYZER_NUMBER_OBJECT_CONVERSION = YES_AGGRESSIVE;
				CLANG_CXX_LANGUAGE_STANDARD = "gnu++17";
				CLANG_CXX_LIBRARY = "libc++";
				CLANG_ENABLE_MODULES = YES;
				CLANG_ENABLE_OBJC_ARC = YES;
				CLANG_ENABLE_OBJC_WEAK = YES;
				CLANG_WARN_BLOCK_CAPTURE_AUTORELEASING = YES;
				CLANG_WARN_BOOL_CONVERSION = YES;
				CLANG_WARN_COMMA = YES;
				CLANG_WARN_CONSTANT_CONVERSION = YES;
				CLANG_WARN_DEPRECATED_OBJC_IMPLEMENTATIONS = YES;
				CLANG_WARN_DIRECT_OBJC_ISA_USAGE = YES_ERROR;
				CLANG_WARN_DOCUMENTATION_COMMENTS = YES;
				CLANG_WARN_EMPTY_BODY = YES;
				CLANG_WARN_ENUM_CONVERSION = YES;
				CLANG_WARN_INFINITE_RECURSION = YES;
				CLANG_WARN_INT_CONVERSION = YES;
				CLANG_WARN_NON_LITERAL_NULL_CONVERSION = YES;
				CLANG_WARN_OBJC_IMPLICIT_RETAIN_SELF = YES;
				CLANG_WARN_OBJC_LITERAL_CONVERSION = YES;
				CLANG_WARN_OBJC_ROOT_CLASS = YES_ERROR;
				CLANG_WARN_QUOTED_INCLUDE_IN_FRAMEWORK_HEADER = YES;
				CLANG_WARN_RANGE_LOOP_ANALYSIS = YES;
				CLANG_WARN_STRICT_PROTOTYPES = YES;
				CLANG_WARN_SUSPICIOUS_MOVE = YES;
				CLANG_WARN_UNGUARDED_AVAILABILITY = YES_AGGRESSIVE;
				CLANG_WARN_UNREACHABLE_CODE = YES;
				CLANG_WARN__DUPLICATE_METHOD_MATCH = YES;
				COPY_PHASE_STRIP = NO;
				DEBUG_INFORMATION_FORMAT = "dwarf-with-dsym";
				ENABLE_NS_ASSERTIONS = NO;
				ENABLE_STRICT_OBJC_MSGSEND = YES;
				GCC_C_LANGUAGE_STANDARD = gnu11;
				GCC_NO_COMMON_BLOCKS = YES;
				GCC_WARN_64_TO_32_BIT_CONVERSION = YES;
				GCC_WARN_ABOUT_RETURN_TYPE = YES_ERROR;
				GCC_WARN_UNDECLARED_SELECTOR = YES;
				GCC_WARN_UNINITIALIZED_AUTOS = YES_AGGRESSIVE;
				GCC_WARN_UNUSED_FUNCTION = YES;
				GCC_WARN_UNUSED_VARIABLE = YES;
				IPHONEOS_DEPLOYMENT_TARGET = 15.0;
				MTL_ENABLE_DEBUG_INFO = NO;
				MTL_FAST_MATH = YES;
				SDKROOT = iphoneos;
				SWIFT_COMPILATION_MODE = wholemodule;
				SWIFT_OPTIMIZATION_LEVEL = "-O";
				VALIDATE_PRODUCT = YES;
			};
			name = Release;
		};
		AEA2759827A4F9630042B490 /* Debug */ = {
			isa = XCBuildConfiguration;
			buildSettings = {
				ASSETCATALOG_COMPILER_APPICON_NAME = AppIcon;
				ASSETCATALOG_COMPILER_GLOBAL_ACCENT_COLOR_NAME = AccentColor;
				CODE_SIGN_STYLE = Automatic;
				CURRENT_PROJECT_VERSION = 1;
				DEVELOPMENT_TEAM = HWBJNMY98D;
				GENERATE_INFOPLIST_FILE = YES;
				INFOPLIST_FILE = "Zoop-IOS/Info.plist";
				INFOPLIST_KEY_UIApplicationSupportsIndirectInputEvents = YES;
				INFOPLIST_KEY_UILaunchStoryboardName = LaunchScreen;
				INFOPLIST_KEY_UIMainStoryboardFile = Main;
				INFOPLIST_KEY_UISupportedInterfaceOrientations_iPad = "UIInterfaceOrientationPortrait UIInterfaceOrientationPortraitUpsideDown UIInterfaceOrientationLandscapeLeft UIInterfaceOrientationLandscapeRight";
				INFOPLIST_KEY_UISupportedInterfaceOrientations_iPhone = "UIInterfaceOrientationPortrait UIInterfaceOrientationLandscapeLeft UIInterfaceOrientationLandscapeRight";
				IPHONEOS_DEPLOYMENT_TARGET = 13.0;
				LD_RUNPATH_SEARCH_PATHS = (
					"$(inherited)",
					"@executable_path/Frameworks",
				);
				MARKETING_VERSION = 1.0;
				PRODUCT_BUNDLE_IDENTIFIER = "kr.co.test.Zoop-IOS";
				PRODUCT_NAME = "$(TARGET_NAME)";
				SWIFT_EMIT_LOC_STRINGS = YES;
				SWIFT_VERSION = 5.0;
				TARGETED_DEVICE_FAMILY = "1,2";
			};
			name = Debug;
		};
		AEA2759927A4F9630042B490 /* Release */ = {
			isa = XCBuildConfiguration;
			buildSettings = {
				ASSETCATALOG_COMPILER_APPICON_NAME = AppIcon;
				ASSETCATALOG_COMPILER_GLOBAL_ACCENT_COLOR_NAME = AccentColor;
				CODE_SIGN_STYLE = Automatic;
				CURRENT_PROJECT_VERSION = 1;
				DEVELOPMENT_TEAM = HWBJNMY98D;
				GENERATE_INFOPLIST_FILE = YES;
				INFOPLIST_FILE = "Zoop-IOS/Info.plist";
				INFOPLIST_KEY_UIApplicationSupportsIndirectInputEvents = YES;
				INFOPLIST_KEY_UILaunchStoryboardName = LaunchScreen;
				INFOPLIST_KEY_UIMainStoryboardFile = Main;
				INFOPLIST_KEY_UISupportedInterfaceOrientations_iPad = "UIInterfaceOrientationPortrait UIInterfaceOrientationPortraitUpsideDown UIInterfaceOrientationLandscapeLeft UIInterfaceOrientationLandscapeRight";
				INFOPLIST_KEY_UISupportedInterfaceOrientations_iPhone = "UIInterfaceOrientationPortrait UIInterfaceOrientationLandscapeLeft UIInterfaceOrientationLandscapeRight";
				IPHONEOS_DEPLOYMENT_TARGET = 13.0;
				LD_RUNPATH_SEARCH_PATHS = (
					"$(inherited)",
					"@executable_path/Frameworks",
				);
				MARKETING_VERSION = 1.0;
				PRODUCT_BUNDLE_IDENTIFIER = "kr.co.test.Zoop-IOS";
				PRODUCT_NAME = "$(TARGET_NAME)";
				SWIFT_EMIT_LOC_STRINGS = YES;
				SWIFT_VERSION = 5.0;
				TARGETED_DEVICE_FAMILY = "1,2";
			};
			name = Release;
		};
/* End XCBuildConfiguration section */

/* Begin XCConfigurationList section */
		AEA2757E27A4F9610042B490 /* Build configuration list for PBXProject "Zoop-IOS" */ = {
			isa = XCConfigurationList;
			buildConfigurations = (
				AEA2759527A4F9630042B490 /* Debug */,
				AEA2759627A4F9630042B490 /* Release */,
			);
			defaultConfigurationIsVisible = 0;
			defaultConfigurationName = Release;
		};
		AEA2759727A4F9630042B490 /* Build configuration list for PBXNativeTarget "Zoop-IOS" */ = {
			isa = XCConfigurationList;
			buildConfigurations = (
				AEA2759827A4F9630042B490 /* Debug */,
				AEA2759927A4F9630042B490 /* Release */,
			);
			defaultConfigurationIsVisible = 0;
			defaultConfigurationName = Release;
		};
/* End XCConfigurationList section */
	};
	rootObject = AEA2757B27A4F9610042B490 /* Project object */;
}
